
Microsoft Visual Studio Solution File, Format Version 12.00
Project("{FAE04EC0-301F-11D3-BF4B-00C04F79EFBC}") = "MessageExchangeService", "MessageExchangeService\MessageExchangeService.csproj", "{BFD93202-4B3A-4EF4-8504-B4598884434B}"
EndProject
Project("{FAE04EC0-301F-11D3-BF4B-00C04F79EFBC}") = "MessageExchangeService.Domain", "MessageExchangeService\src\MessageExchangeService.Domain\MessageExchangeService.Domain.csproj", "{AA1CB71E-6368-46EE-8BD0-90E3E4FDBE90}"
EndProject
Project("{FAE04EC0-301F-11D3-BF4B-00C04F79EFBC}") = "MessageExchangeService.infrastructure", "MessageExchangeService\src\MessageExchangeService.infrastructure\MessageExchangeService.infrastructure.csproj", "{3F828402-4388-40C2-B307-85483BC9E87E}"
EndProject
Project("{FAE04EC0-301F-11D3-BF4B-00C04F79EFBC}") = "MessageExchangeService.Api", "MessageExchangeService\src\MessageExchangeService.Api\MessageExchangeService.Api.csproj", "{4EEF8E62-2D2F-428C-8405-7666EC9FF18E}"
EndProject
Project("{2150E333-8FDC-42A3-9474-1A3956D46DE8}") = "Solution Items", "Solution Items", "{5C24F07C-24B7-45A5-9341-35027C8A0201}"
	ProjectSection(SolutionItems) = preProject
		docker-compose.yml = docker-compose.yml
	EndProjectSection
EndProject
Global
	GlobalSection(SolutionConfigurationPlatforms) = preSolution
		Debug|Any CPU = Debug|Any CPU
		Release|Any CPU = Release|Any CPU
	EndGlobalSection
	GlobalSection(ProjectConfigurationPlatforms) = postSolution
		{BFD93202-4B3A-4EF4-8504-B4598884434B}.Debug|Any CPU.ActiveCfg = Debug|Any CPU
		{BFD93202-4B3A-4EF4-8504-B4598884434B}.Debug|Any CPU.Build.0 = Debug|Any CPU
		{BFD93202-4B3A-4EF4-8504-B4598884434B}.Release|Any CPU.ActiveCfg = Release|Any CPU
		{BFD93202-4B3A-4EF4-8504-B4598884434B}.Release|Any CPU.Build.0 = Release|Any CPU
		{AA1CB71E-6368-46EE-8BD0-90E3E4FDBE90}.Debug|Any CPU.ActiveCfg = Debug|Any CPU
		{AA1CB71E-6368-46EE-8BD0-90E3E4FDBE90}.Debug|Any CPU.Build.0 = Debug|Any CPU
		{AA1CB71E-6368-46EE-8BD0-90E3E4FDBE90}.Release|Any CPU.ActiveCfg = Release|Any CPU
		{AA1CB71E-6368-46EE-8BD0-90E3E4FDBE90}.Release|Any CPU.Build.0 = Release|Any CPU
		{3F828402-4388-40C2-B307-85483BC9E87E}.Debug|Any CPU.ActiveCfg = Debug|Any CPU
		{3F828402-4388-40C2-B307-85483BC9E87E}.Debug|Any CPU.Build.0 = Debug|Any CPU
		{3F828402-4388-40C2-B307-85483BC9E87E}.Release|Any CPU.ActiveCfg = Release|Any CPU
		{3F828402-4388-40C2-B307-85483BC9E87E}.Release|Any CPU.Build.0 = Release|Any CPU
		{4EEF8E62-2D2F-428C-8405-7666EC9FF18E}.Debug|Any CPU.ActiveCfg = Debug|Any CPU
		{4EEF8E62-2D2F-428C-8405-7666EC9FF18E}.Debug|Any CPU.Build.0 = Debug|Any CPU
		{4EEF8E62-2D2F-428C-8405-7666EC9FF18E}.Release|Any CPU.ActiveCfg = Release|Any CPU
		{4EEF8E62-2D2F-428C-8405-7666EC9FF18E}.Release|Any CPU.Build.0 = Release|Any CPU
	EndGlobalSection
EndGlobal
